// !$*UTF8*$!
{
	archiveVersion = 1;
	classes = {
	};
	objectVersion = 46;
	objects = {

/* Begin PBXBuildFile section */
		A45FB3441B04CA3800114556 /* AppDelegate.swift in Sources */ = {isa = PBXBuildFile; fileRef = A45FB3431B04CA3800114556 /* AppDelegate.swift */; };
		A45FB3461B04CA3800114556 /* ViewController.swift in Sources */ = {isa = PBXBuildFile; fileRef = A45FB3451B04CA3800114556 /* ViewController.swift */; };
		A45FB3491B04CA3800114556 /* Main.storyboard in Resources */ = {isa = PBXBuildFile; fileRef = A45FB3471B04CA3800114556 /* Main.storyboard */; };
		A45FB34B1B04CA3800114556 /* Images.xcassets in Resources */ = {isa = PBXBuildFile; fileRef = A45FB34A1B04CA3800114556 /* Images.xcassets */; };
		A45FB34E1B04CA3800114556 /* LaunchScreen.xib in Resources */ = {isa = PBXBuildFile; fileRef = A45FB34C1B04CA3800114556 /* LaunchScreen.xib */; };
		A45FB35A1B04CA3800114556 /* UIPickerViewTests.swift in Sources */ = {isa = PBXBuildFile; fileRef = A45FB3591B04CA3800114556 /* UIPickerViewTests.swift */; };
/* End PBXBuildFile section */

/* Begin PBXContainerItemProxy section */
		A45FB3541B04CA3800114556 /* PBXContainerItemProxy */ = {
			isa = PBXContainerItemProxy;
			containerPortal = A45FB3361B04CA3800114556 /* Project object */;
			proxyType = 1;
			remoteGlobalIDString = A45FB33D1B04CA3800114556;
			remoteInfo = UIPickerView;
		};
/* End PBXContainerItemProxy section */

/* Begin PBXFileReference section */
		A45FB33E1B04CA3800114556 /* UIPickerView.app */ = {isa = PBXFileReference; explicitFileType = wrapper.application; includeInIndex = 0; path = UIPickerView.app; sourceTree = BUILT_PRODUCTS_DIR; };
		A45FB3421B04CA3800114556 /* Info.plist */ = {isa = PBXFileReference; lastKnownFileType = text.plist.xml; path = Info.plist; sourceTree = "<group>"; };
		A45FB3431B04CA3800114556 /* AppDelegate.swift */ = {isa = PBXFileReference; lastKnownFileType = sourcecode.swift; path = AppDelegate.swift; sourceTree = "<group>"; };
		A45FB3451B04CA3800114556 /* ViewController.swift */ = {isa = PBXFileReference; lastKnownFileType = sourcecode.swift; path = ViewController.swift; sourceTree = "<group>"; };
		A45FB3481B04CA3800114556 /* Base */ = {isa = PBXFileReference; lastKnownFileType = file.storyboard; name = Base; path = Base.lproj/Main.storyboard; sourceTree = "<group>"; };
		A45FB34A1B04CA3800114556 /* Images.xcassets */ = {isa = PBXFileReference; lastKnownFileType = folder.assetcatalog; path = Images.xcassets; sourceTree = "<group>"; };
		A45FB34D1B04CA3800114556 /* Base */ = {isa = PBXFileReference; lastKnownFileType = file.xib; name = Base; path = Base.lproj/LaunchScreen.xib; sourceTree = "<group>"; };
		A45FB3531B04CA3800114556 /* UIPickerViewTests.xctest */ = {isa = PBXFileReference; explicitFileType = wrapper.cfbundle; includeInIndex = 0; path = UIPickerViewTests.xctest; sourceTree = BUILT_PRODUCTS_DIR; };
		A45FB3581B04CA3800114556 /* Info.plist */ = {isa = PBXFileReference; lastKnownFileType = text.plist.xml; path = Info.plist; sourceTree = "<group>"; };
		A45FB3591B04CA3800114556 /* UIPickerViewTests.swift */ = {isa = PBXFileReference; lastKnownFileType = sourcecode.swift; path = UIPickerViewTests.swift; sourceTree = "<group>"; };
/* End PBXFileReference section */

/* Begin PBXFrameworksBuildPhase section */
		A45FB33B1B04CA3800114556 /* Frameworks */ = {
			isa = PBXFrameworksBuildPhase;
			buildActionMask = 2147483647;
			files = (
			);
			runOnlyForDeploymentPostprocessing = 0;
		};
		A45FB3501B04CA3800114556 /* Frameworks */ = {
			isa = PBXFrameworksBuildPhase;
			buildActionMask = 2147483647;
			files = (
			);
			runOnlyForDeploymentPostprocessing = 0;
		};
/* End PBXFrameworksBuildPhase section */

/* Begin PBXGroup section */
		A45FB3351B04CA3800114556 = {
			isa = PBXGroup;
			children = (
				A45FB3401B04CA3800114556 /* UIPickerView */,
				A45FB3561B04CA3800114556 /* UIPickerViewTests */,
				A45FB33F1B04CA3800114556 /* Products */,
			);
			sourceTree = "<group>";
		};
		A45FB33F1B04CA3800114556 /* Products */ = {
			isa = PBXGroup;
			children = (
				A45FB33E1B04CA3800114556 /* UIPickerView.app */,
				A45FB3531B04CA3800114556 /* UIPickerViewTests.xctest */,
			);
			name = Products;
			sourceTree = "<group>";
		};
		A45FB3401B04CA3800114556 /* UIPickerView */ = {
			isa = PBXGroup;
			children = (
				A45FB3431B04CA3800114556 /* AppDelegate.swift */,
				A45FB3451B04CA3800114556 /* ViewController.swift */,
				A45FB3471B04CA3800114556 /* Main.storyboard */,
				A45FB34A1B04CA3800114556 /* Images.xcassets */,
				A45FB34C1B04CA3800114556 /* LaunchScreen.xib */,
				A45FB3411B04CA3800114556 /* Supporting Files */,
			);
			path = UIPickerView;
			sourceTree = "<group>";
		};
		A45FB3411B04CA3800114556 /* Supporting Files */ = {
			isa = PBXGroup;
			children = (
				A45FB3421B04CA3800114556 /* Info.plist */,
			);
			name = "Supporting Files";
			sourceTree = "<group>";
		};
		A45FB3561B04CA3800114556 /* UIPickerViewTests */ = {
			isa = PBXGroup;
			children = (
				A45FB3591B04CA3800114556 /* UIPickerViewTests.swift */,
				A45FB3571B04CA3800114556 /* Supporting Files */,
			);
			path = UIPickerViewTests;
			sourceTree = "<group>";
		};
		A45FB3571B04CA3800114556 /* Supporting Files */ = {
			isa = PBXGroup;
			children = (
				A45FB3581B04CA3800114556 /* Info.plist */,
			);
			name = "Supporting Files";
			sourceTree = "<group>";
		};
/* End PBXGroup section */

/* Begin PBXNativeTarget section */
		A45FB33D1B04CA3800114556 /* UIPickerView */ = {
			isa = PBXNativeTarget;
			buildConfigurationList = A45FB35D1B04CA3800114556 /* Build configuration list for PBXNativeTarget "UIPickerView" */;
			buildPhases = (
				A45FB33A1B04CA3800114556 /* Sources */,
				A45FB33B1B04CA3800114556 /* Frameworks */,
				A45FB33C1B04CA3800114556 /* Resources */,
			);
			buildRules = (
			);
			dependencies = (
			);
			name = UIPickerView;
			productName = UIPickerView;
			productReference = A45FB33E1B04CA3800114556 /* UIPickerView.app */;
			productType = "com.apple.product-type.application";
		};
		A45FB3521B04CA3800114556 /* UIPickerViewTests */ = {
			isa = PBXNativeTarget;
			buildConfigurationList = A45FB3601B04CA3800114556 /* Build configuration list for PBXNativeTarget "UIPickerViewTests" */;
			buildPhases = (
				A45FB34F1B04CA3800114556 /* Sources */,
				A45FB3501B04CA3800114556 /* Frameworks */,
				A45FB3511B04CA3800114556 /* Resources */,
			);
			buildRules = (
			);
			dependencies = (
				A45FB3551B04CA3800114556 /* PBXTargetDependency */,
			);
			name = UIPickerViewTests;
			productName = UIPickerViewTests;
			productReference = A45FB3531B04CA3800114556 /* UIPickerViewTests.xctest */;
			productType = "com.apple.product-type.bundle.unit-test";
		};
/* End PBXNativeTarget section */

/* Begin PBXProject section */
		A45FB3361B04CA3800114556 /* Project object */ = {
			isa = PBXProject;
			attributes = {
				LastUpgradeCheck = 0630;
				ORGANIZATIONNAME = pandazheng;
				TargetAttributes = {
					A45FB33D1B04CA3800114556 = {
						CreatedOnToolsVersion = 6.3.1;
					};
					A45FB3521B04CA3800114556 = {
						CreatedOnToolsVersion = 6.3.1;
						TestTargetID = A45FB33D1B04CA3800114556;
					};
				};
			};
			buildConfigurationList = A45FB3391B04CA3800114556 /* Build configuration list for PBXProject "UIPickerView" */;
			compatibilityVersion = "Xcode 3.2";
			developmentRegion = English;
			hasScannedForEncodings = 0;
			knownRegions = (
				en,
				Base,
			);
			mainGroup = A45FB3351B04CA3800114556;
			productRefGroup = A45FB33F1B04CA3800114556 /* Products */;
			projectDirPath = "";
			projectRoot = "";
			targets = (
				A45FB33D1B04CA3800114556 /* UIPickerView */,
				A45FB3521B04CA3800114556 /* UIPickerViewTests */,
			);
		};
/* End PBXProject section */

/* Begin PBXResourcesBuildPhase section */
		A45FB33C1B04CA3800114556 /* Resources */ = {
			isa = PBXResourcesBuildPhase;
			buildActionMask = 2147483647;
			files = (
				A45FB3491B04CA3800114556 /* Main.storyboard in Resources */,
				A45FB34E1B04CA3800114556 /* LaunchScreen.xib in Resources */,
				A45FB34B1B04CA3800114556 /* Images.xcassets in Resources */,
			);
			runOnlyForDeploymentPostprocessing = 0;
		};
		A45FB3511B04CA3800114556 /* Resources */ = {
			isa = PBXResourcesBuildPhase;
			buildActionMask = 2147483647;
			files = (
			);
			runOnlyForDeploymentPostprocessing = 0;
		};
/* End PBXResourcesBuildPhase section */

/* Begin PBXSourcesBuildPhase section */
		A45FB33A1B04CA3800114556 /* Sources */ = {
			isa = PBXSourcesBuildPhase;
			buildActionMask = 2147483647;
			files = (
				A45FB3461B04CA3800114556 /* ViewController.swift in Sources */,
				A45FB3441B04CA3800114556 /* AppDelegate.swift in Sources */,
			);
			runOnlyForDeploymentPostprocessing = 0;
		};
		A45FB34F1B04CA3800114556 /* Sources */ = {
			isa = PBXSourcesBuildPhase;
			buildActionMask = 2147483647;
			files = (
				A45FB35A1B04CA3800114556 /* UIPickerViewTests.swift in Sources */,
			);
			runOnlyForDeploymentPostprocessing = 0;
		};
/* End PBXSourcesBuildPhase section */

/* Begin PBXTargetDependency section */
		A45FB3551B04CA3800114556 /* PBXTargetDependency */ = {
			isa = PBXTargetDependency;
			target = A45FB33D1B04CA3800114556 /* UIPickerView */;
			targetProxy = A45FB3541B04CA3800114556 /* PBXContainerItemProxy */;
		};
/* End PBXTargetDependency section */

/* Begin PBXVariantGroup section */
		A45FB3471B04CA3800114556 /* Main.storyboard */ = {
			isa = PBXVariantGroup;
			children = (
				A45FB3481B04CA3800114556 /* Base */,
			);
			name = Main.storyboard;
			sourceTree = "<group>";
		};
		A45FB34C1B04CA3800114556 /* LaunchScreen.xib */ = {
			isa = PBXVariantGroup;
			children = (
				A45FB34D1B04CA3800114556 /* Base */,
			);
			name = LaunchScreen.xib;
			sourceTree = "<group>";
		};
/* End PBXVariantGroup section */

/* Begin XCBuildConfiguration section */
		A45FB35B1B04CA3800114556 /* Debug */ = {
			isa = XCBuildConfiguration;
			buildSettings = {
				ALWAYS_SEARCH_USER_PATHS = NO;
				CLANG_CXX_LANGUAGE_STANDARD = "gnu++0x";
				CLANG_CXX_LIBRARY = "libc++";
				CLANG_ENABLE_MODULES = YES;
				CLANG_ENABLE_OBJC_ARC = YES;
				CLANG_WARN_BOOL_CONVERSION = YES;
				CLANG_WARN_CONSTANT_CONVERSION = YES;
				CLANG_WARN_DIRECT_OBJC_ISA_USAGE = YES_ERROR;
				CLANG_WARN_EMPTY_BODY = YES;
				CLANG_WARN_ENUM_CONVERSION = YES;
				CLANG_WARN_INT_CONVERSION = YES;
				CLANG_WARN_OBJC_ROOT_CLASS = YES_ERROR;
				CLANG_WARN_UNREACHABLE_CODE = YES;
				CLANG_WARN__DUPLICATE_METHOD_MATCH = YES;
				"CODE_SIGN_IDENTITY[sdk=iphoneos*]" = "iPhone Developer";
				COPY_PHASE_STRIP = NO;
				DEBUG_INFORMATION_FORMAT = "dwarf-with-dsym";
				ENABLE_STRICT_OBJC_MSGSEND = YES;
				GCC_C_LANGUAGE_STANDARD = gnu99;
				GCC_DYNAMIC_NO_PIC = NO;
				GCC_NO_COMMON_BLOCKS = YES;
				GCC_OPTIMIZATION_LEVEL = 0;
				GCC_PREPROCESSOR_DEFINITIONS = (
					"DEBUG=1",
					"$(inherited)",
				);
				GCC_SYMBOLS_PRIVATE_EXTERN = NO;
				GCC_WARN_64_TO_32_BIT_CONVERSION = YES;
				GCC_WARN_ABOUT_RETURN_TYPE = YES_ERROR;
				GCC_WARN_UNDECLARED_SELECTOR = YES;
				GCC_WARN_UNINITIALIZED_AUTOS = YES_AGGRESSIVE;
				GCC_WARN_UNUSED_FUNCTION = YES;
				GCC_WARN_UNUSED_VARIABLE = YES;
				IPHONEOS_DEPLOYMENT_TARGET = 8.3;
				MTL_ENABLE_DEBUG_INFO = YES;
				ONLY_ACTIVE_ARCH = YES;
				SDKROOT = iphoneos;
				SWIFT_OPTIMIZATION_LEVEL = "-Onone";
				TARGETED_DEVICE_FAMILY = "1,2";
			};
			name = Debug;
		};
		A45FB35C1B04CA3800114556 /* Release */ = {
			isa = XCBuildConfiguration;
			buildSettings = {
				ALWAYS_SEARCH_USER_PATHS = NO;
				CLANG_CXX_LANGUAGE_STANDARD = "gnu++0x";
				CLANG_CXX_LIBRARY = "libc++";
				CLANG_ENABLE_MODULES = YES;
				CLANG_ENABLE_OBJC_ARC = YES;
				CLANG_WARN_BOOL_CONVERSION = YES;
				CLANG_WARN_CONSTANT_CONVERSION = YES;
				CLANG_WARN_DIRECT_OBJC_ISA_USAGE = YES_ERROR;
				CLANG_WARN_EMPTY_BODY = YES;
				CLANG_WARN_ENUM_CONVERSION = YES;
				CLANG_WARN_INT_CONVERSION = YES;
				CLANG_WARN_OBJC_ROOT_CLASS = YES_ERROR;
				CLANG_WARN_UNREACHABLE_CODE = YES;
				CLANG_WARN__DUPLICATE_METHOD_MATCH = YES;
				"CODE_SIGN_IDENTITY[sdk=iphoneos*]" = "iPhone Developer";
				COPY_PHASE_STRIP = NO;
				DEBUG_INFORMATION_FORMAT = "dwarf-with-dsym";
				ENABLE_NS_ASSERTIONS = NO;
				ENABLE_STRICT_OBJC_MSGSEND = YES;
				GCC_C_LANGUAGE_STANDARD = gnu99;
				GCC_NO_COMMON_BLOCKS = YES;
				GCC_WARN_64_TO_32_BIT_CONVERSION = YES;
				GCC_WARN_ABOUT_RETURN_TYPE = YES_ERROR;
				GCC_WARN_UNDECLARED_SELECTOR = YES;
				GCC_WARN_UNINITIALIZED_AUTOS = YES_AGGRESSIVE;
				GCC_WARN_UNUSED_FUNCTION = YES;
				GCC_WARN_UNUSED_VARIABLE = YES;
				IPHONEOS_DEPLOYMENT_TARGET = 8.3;
				MTL_ENABLE_DEBUG_INFO = NO;
				SDKROOT = iphoneos;
				TARGETED_DEVICE_FAMILY = "1,2";
				VALIDATE_PRODUCT = YES;
			};
			name = Release;
		};
		A45FB35E1B04CA3800114556 /* Debug */ = {
			isa = XCBuildConfiguration;
			buildSettings = {
				ASSETCATALOG_COMPILER_APPICON_NAME = AppIcon;
				INFOPLIST_FILE = UIPickerView/Info.plist;
				LD_RUNPATH_SEARCH_PATHS = "$(inherited) @executable_path/Frameworks";
				PRODUCT_NAME = "$(TARGET_NAME)";
			};
			name = Debug;
		};
		A45FB35F1B04CA3800114556 /* Release */ = {
			isa = XCBuildConfiguration;
			buildSettings = {
				ASSETCATALOG_COMPILER_APPICON_NAME = AppIcon;
				INFOPLIST_FILE = UIPickerView/Info.plist;
				LD_RUNPATH_SEARCH_PATHS = "$(inherited) @executable_path/Frameworks";
				PRODUCT_NAME = "$(TARGET_NAME)";
			};
			name = Release;
		};
		A45FB3611B04CA3800114556 /* Debug */ = {
			isa = XCBuildConfiguration;
			buildSettings = {
				BUNDLE_LOADER = "$(TEST_HOST)";
				FRAMEWORK_SEARCH_PATHS = (
					"$(SDKROOT)/Developer/Library/Frameworks",
					"$(inherited)",
				);
				GCC_PREPROCESSOR_DEFINITIONS = (
					"DEBUG=1",
					"$(inherited)",
				);
				INFOPLIST_FILE = UIPickerViewTests/Info.plist;
				LD_RUNPATH_SEARCH_PATHS = "$(inherited) @executable_path/Frameworks @loader_path/Frameworks";
				PRODUCT_NAME = "$(TARGET_NAME)";
				TEST_HOST = "$(BUILT_PRODUCTS_DIR)/UIPickerView.app/UIPickerView";
			};
			name = Debug;
		};
		A45FB3621B04CA3800114556 /* Release */ = {
			isa = XCBuildConfiguration;
			buildSettings = {
				BUNDLE_LOADER = "$(TEST_HOST)";
				FRAMEWORK_SEARCH_PATHS = (
					"$(SDKROOT)/Developer/Library/Frameworks",
					"$(inherited)",
				);
				INFOPLIST_FILE = UIPickerViewTests/Info.plist;
				LD_RUNPATH_SEARCH_PATHS = "$(inherited) @executable_path/Frameworks @loader_path/Frameworks";
				PRODUCT_NAME = "$(TARGET_NAME)";
				TEST_HOST = "$(BUILT_PRODUCTS_DIR)/UIPickerView.app/UIPickerView";
			};
			name = Release;
		};
/* End XCBuildConfiguration section */

/* Begin XCConfigurationList section */
		A45FB3391B04CA3800114556 /* Build configuration list for PBXProject "UIPickerView" */ = {
			isa = XCConfigurationList;
			buildConfigurations = (
				A45FB35B1B04CA3800114556 /* Debug */,
				A45FB35C1B04CA3800114556 /* Release */,
			);
			defaultConfigurationIsVisible = 0;
			defaultConfigurationName = Release;
		};
		A45FB35D1B04CA3800114556 /* Build configuration list for PBXNativeTarget "UIPickerView" */ = {
			isa = XCConfigurationList;
			buildConfigurations = (
				A45FB35E1B04CA3800114556 /* Debug */,
				A45FB35F1B04CA3800114556 /* Release */,
			);
			defaultConfigurationIsVisible = 0;
		};
		A45FB3601B04CA3800114556 /* Build configuration list for PBXNativeTarget "UIPickerViewTests" */ = {
			isa = XCConfigurationList;
			buildConfigurations = (
				A45FB3611B04CA3800114556 /* Debug */,
				A45FB3621B04CA3800114556 /* Release */,
			);
			defaultConfigurationIsVisible = 0;
		};
/* End XCConfigurationList section */
	};
	rootObject = A45FB3361B04CA3800114556 /* Project object */;
}
